
Microsoft Visual Studio Solution File, Format Version 12.00
# Visual Studio Version 17
VisualStudioVersion = 17.4.33110.190
MinimumVisualStudioVersion = 10.0.40219.1
Project("{FAE04EC0-301F-11D3-BF4B-00C04F79EFBC}") = "paintOnlinedaysPractice", "paintOnlinedaysPractice\paintOnlinedaysPractice.csproj", "{B8E482B9-91B5-46AF-90C3-6AA751EAAF7C}"
EndProject
Global
	GlobalSection(SolutionConfigurationPlatforms) = preSolution
		Debug|Any CPU = Debug|Any CPU
		Release|Any CPU = Release|Any CPU
	EndGlobalSection
	GlobalSection(ProjectConfigurationPlatforms) = postSolution
		{B8E482B9-91B5-46AF-90C3-6AA751EAAF7C}.Debug|Any CPU.ActiveCfg = Debug|Any CPU
		{B8E482B9-91B5-46AF-90C3-6AA751EAAF7C}.Debug|Any CPU.Build.0 = Debug|Any CPU
		{B8E482B9-91B5-46AF-90C3-6AA751EAAF7C}.Release|Any CPU.ActiveCfg = Release|Any CPU
		{B8E482B9-91B5-46AF-90C3-6AA751EAAF7C}.Release|Any CPU.Build.0 = Release|Any CPU
	EndGlobalSection
	GlobalSection(SolutionProperties) = preSolution
		HideSolutionNode = FALSE
	EndGlobalSection
	GlobalSection(ExtensibilityGlobals) = postSolution
		SolutionGuid = {58598BE8-1046-4FA1-BC14-88DB0F595B55}
	EndGlobalSection
EndGlobal
